
Microsoft Visual Studio Solution File, Format Version 12.00
# Visual Studio Version 17
VisualStudioVersion = 17.6.33829.357
MinimumVisualStudioVersion = 10.0.40219.1
Project("{FAE04EC0-301F-11D3-BF4B-00C04F79EFBC}") = "src", "src.csproj", "{3DCA2B8A-2E0C-43D1-808C-7D229271CBA7}"
EndProject
Global
	GlobalSection(SolutionConfigurationPlatforms) = preSolution
		Debug|Any CPU = Debug|Any CPU
		Release|Any CPU = Release|Any CPU
	EndGlobalSection
	GlobalSection(ProjectConfigurationPlatforms) = postSolution
		{3DCA2B8A-2E0C-43D1-808C-7D229271CBA7}.Debug|Any CPU.ActiveCfg = Debug|Any CPU
		{3DCA2B8A-2E0C-43D1-808C-7D229271CBA7}.Debug|Any CPU.Build.0 = Debug|Any CPU
		{3DCA2B8A-2E0C-43D1-808C-7D229271CBA7}.Release|Any CPU.ActiveCfg = Release|Any CPU
		{3DCA2B8A-2E0C-43D1-808C-7D229271CBA7}.Release|Any CPU.Build.0 = Release|Any CPU
	EndGlobalSection
	GlobalSection(SolutionProperties) = preSolution
		HideSolutionNode = FALSE
	EndGlobalSection
	GlobalSection(ExtensibilityGlobals) = postSolution
		SolutionGuid = {A442814F-286E-4471-8E28-E6400C656D73}
	EndGlobalSection
EndGlobal
